
Microsoft Visual Studio Solution File, Format Version 12.00
# Visual Studio Version 17
VisualStudioVersion = 17.0.31903.59
MinimumVisualStudioVersion = 10.0.40219.1
Project("{FAE04EC0-301F-11D3-BF4B-00C04F79EFBC}") = "Api24ContentAI", "Api24ContentAI\Api24ContentAI.csproj", "{B4ACA174-1559-4573-A093-C549C21D43F5}"
EndProject
Project("{FAE04EC0-301F-11D3-BF4B-00C04F79EFBC}") = "Api24ContentAI.Tests", "Api24ContentAI.Tests\Api24ContentAI.Tests.csproj", "{552A4DE7-3936-4730-B1FE-5989A83FE41E}"
EndProject
Global
	GlobalSection(SolutionConfigurationPlatforms) = preSolution
		Debug|Any CPU = Debug|Any CPU
		Release|Any CPU = Release|Any CPU
	EndGlobalSection
	GlobalSection(SolutionProperties) = preSolution
		HideSolutionNode = FALSE
	EndGlobalSection
	GlobalSection(ProjectConfigurationPlatforms) = postSolution
		{B4ACA174-1559-4573-A093-C549C21D43F5}.Debug|Any CPU.ActiveCfg = Debug|Any CPU
		{B4ACA174-1559-4573-A093-C549C21D43F5}.Debug|Any CPU.Build.0 = Debug|Any CPU
		{B4ACA174-1559-4573-A093-C549C21D43F5}.Release|Any CPU.ActiveCfg = Release|Any CPU
		{B4ACA174-1559-4573-A093-C549C21D43F5}.Release|Any CPU.Build.0 = Release|Any CPU
		{552A4DE7-3936-4730-B1FE-5989A83FE41E}.Debug|Any CPU.ActiveCfg = Debug|Any CPU
		{552A4DE7-3936-4730-B1FE-5989A83FE41E}.Debug|Any CPU.Build.0 = Debug|Any CPU
		{552A4DE7-3936-4730-B1FE-5989A83FE41E}.Release|Any CPU.ActiveCfg = Release|Any CPU
		{552A4DE7-3936-4730-B1FE-5989A83FE41E}.Release|Any CPU.Build.0 = Release|Any CPU
	EndGlobalSection
EndGlobal
